{
  "name": "@itharbors/kit-notifications",
  "version": "0.1.0-preview.1",
  "lockfileVersion": 3,
  "requires": true,
  "packages": {
    "": {
      "name": "@itharbors/kit-notifications",
      "version": "0.1.0-preview.1",
      "workspaces": [
        "packages/*",
        "plugins/*"
      ]
    },
    "node_modules/@itharbors/notification-background": {
      "resolved": "plugins/notification-background",
      "link": true
    },
    "node_modules/@itharbors/notification-center": {
      "resolved": "plugins/notification-center",
      "link": true
    },
    "plugins/notification-background": {
      "name": "@itharbors/notification-background",
      "version": "0.0.1"
    },
    "plugins/notification-center": {
      "name": "@itharbors/notification-center",
      "version": "0.0.1"
    }
  }
}
