{
  "name": "@itharbors/kit-default",
  "version": "0.0.1",
  "lockfileVersion": 3,
  "requires": true,
  "packages": {
    "": {
      "name": "@itharbors/kit-default",
      "version": "0.0.1",
      "workspaces": [
        "packages/*",
        "plugins/*"
      ]
    },
    "node_modules/@itharbors/log": {
      "resolved": "plugins/log",
      "link": true
    },
    "node_modules/@itharbors/message-debug": {
      "resolved": "plugins/message-debug",
      "link": true
    },
    "node_modules/@itharbors/plugin-detail": {
      "resolved": "plugins/plugin-detail",
      "link": true
    },
    "node_modules/@itharbors/plugin-list": {
      "resolved": "plugins/plugin-list",
      "link": true
    },
    "node_modules/@itharbors/status-bar": {
      "resolved": "plugins/status-bar",
      "link": true
    },
    "node_modules/@itharbors/title-bar": {
      "resolved": "plugins/title-bar",
      "link": true
    },
    "plugins/log": {
      "name": "@itharbors/log",
      "version": "0.0.1"
    },
    "plugins/message-debug": {
      "name": "@itharbors/message-debug",
      "version": "0.0.1"
    },
    "plugins/plugin-detail": {
      "name": "@itharbors/plugin-detail",
      "version": "0.0.1"
    },
    "plugins/plugin-list": {
      "name": "@itharbors/plugin-list",
      "version": "0.0.1"
    },
    "plugins/status-bar": {
      "name": "@itharbors/status-bar",
      "version": "0.0.1"
    },
    "plugins/title-bar": {
      "name": "@itharbors/title-bar",
      "version": "0.0.1"
    }
  }
}
