{
  "name": "@itharbors/kit-agent-guard",
  "version": "0.1.0-preview.4",
  "lockfileVersion": 3,
  "requires": true,
  "packages": {
    "": {
      "name": "@itharbors/kit-agent-guard",
      "version": "0.1.0-preview.4",
      "workspaces": [
        "packages/*",
        "plugins/*"
      ],
      "dependencies": {
        "@itharbors/agent-guard-contracts": "file:packages/contracts"
      },
      "devDependencies": {
        "@types/node": "22.19.19",
        "typescript": "5.9.3"
      }
    },
    "node_modules/@itharbors/agent-guard-background": {
      "resolved": "plugins/agent-guard-background",
      "link": true
    },
    "node_modules/@itharbors/agent-guard-center": {
      "resolved": "plugins/agent-guard-center",
      "link": true
    },
    "node_modules/@itharbors/agent-guard-contracts": {
      "resolved": "packages/contracts",
      "link": true
    },
    "node_modules/@types/node": {
      "version": "22.19.19",
      "resolved": "https://registry.npmjs.org/@types/node/-/node-22.19.19.tgz",
      "integrity": "sha512-dyh/xO2Fh5bYrfWaaqGrRQQGkNdmYw6AmaAUvYeUMNTWQtvb796ikLdmTchRmOlOiIJ1TDXfWgVx1QkUlQ6Hew==",
      "dev": true,
      "license": "MIT",
      "dependencies": {
        "undici-types": "~6.21.0"
      }
    },
    "node_modules/typescript": {
      "version": "5.9.3",
      "resolved": "https://registry.npmjs.org/typescript/-/typescript-5.9.3.tgz",
      "integrity": "sha512-jl1vZzPDinLr9eUt3J/t7V6FgNEw9QjvBPdysz9KfQDD41fQrC2Y4vKQdiaUpFT4bXlb1RHhLpp8wtm6M5TgSw==",
      "dev": true,
      "license": "Apache-2.0",
      "bin": {
        "tsc": "bin/tsc",
        "tsserver": "bin/tsserver"
      },
      "engines": {
        "node": ">=14.17"
      }
    },
    "node_modules/undici-types": {
      "version": "6.21.0",
      "resolved": "https://registry.npmjs.org/undici-types/-/undici-types-6.21.0.tgz",
      "integrity": "sha512-iwDZqg0QAGrg9Rav5H4n0M64c3mkR59cJ6wQp+7C4nI0gsmExaedaYLNO44eT4AtBBwjbTiGPMlt2Md0T9H9JQ==",
      "dev": true,
      "license": "MIT"
    },
    "packages/contracts": {
      "name": "@itharbors/agent-guard-contracts",
      "version": "0.0.1"
    },
    "plugins/agent-guard-background": {
      "name": "@itharbors/agent-guard-background",
      "version": "0.0.1",
      "dependencies": {
        "@itharbors/agent-guard-contracts": "file:../../packages/contracts"
      }
    },
    "plugins/agent-guard-center": {
      "name": "@itharbors/agent-guard-center",
      "version": "0.0.1",
      "dependencies": {
        "@itharbors/agent-guard-contracts": "file:../../packages/contracts"
      }
    }
  }
}
